
Microsoft Visual Studio Solution File, Format Version 12.00
Project("{2150E333-8FDC-42A3-9474-1A3956D46DE8}") = "1. Project", "1. Project", "{7C3A5617-158F-4A4F-A02E-7639644FA948}"
EndProject
Project("{FAE04EC0-301F-11D3-BF4B-00C04F79EFBC}") = "Typesafe.Sandbox", "Typesafe.Sandbox\Typesafe.Sandbox.csproj", "{45357096-3011-4DCB-B37E-25C3DCBC63BB}"
EndProject
Project("{FAE04EC0-301F-11D3-BF4B-00C04F79EFBC}") = "Typesafe.Kernel", "Typesafe.Kernel\Typesafe.Kernel.csproj", "{A42F0B7E-142F-46CC-8166-F795700312E7}"
EndProject
Project("{FAE04EC0-301F-11D3-BF4B-00C04F79EFBC}") = "Typesafe.With", "Typesafe.With\Typesafe.With.csproj", "{5B130F5C-C220-4CE9-9B1E-27645E441860}"
EndProject
Project("{FAE04EC0-301F-11D3-BF4B-00C04F79EFBC}") = "Typesafe.Merge", "Typesafe.Merge\Typesafe.Merge.csproj", "{3200F91D-980C-4C5E-8248-96130AED3952}"
EndProject
Project("{FAE04EC0-301F-11D3-BF4B-00C04F79EFBC}") = "Typesafe.With.Tests", "Typesafe.With.Tests\Typesafe.With.Tests.csproj", "{A6DEB506-47DE-49BC-A655-28639A02408D}"
EndProject
Project("{FAE04EC0-301F-11D3-BF4B-00C04F79EFBC}") = "Typesafe.Merge.Tests", "Typesafe.Merge.Tests\Typesafe.Merge.Tests.csproj", "{A6BAB45A-C6B5-4A78-AF02-8CA380EA0D89}"
EndProject
Project("{2150E333-8FDC-42A3-9474-1A3956D46DE8}") = "2. Feature", "2. Feature", "{7C82CEE7-C3A0-48A8-A284-A46CD7AA33E1}"
EndProject
Project("{2150E333-8FDC-42A3-9474-1A3956D46DE8}") = "3. Foundation", "3. Foundation", "{662744E5-CCDA-49AA-9C21-E73CDD11FCD9}"
EndProject
Project("{FAE04EC0-301F-11D3-BF4B-00C04F79EFBC}") = "Typesafe.Snapshots", "Typesafe.Snapshots\Typesafe.Snapshots.csproj", "{1E880A6F-4425-43FB-835B-5F422143BCC0}"
EndProject
Project("{FAE04EC0-301F-11D3-BF4B-00C04F79EFBC}") = "Typesafe.Snapshots.Tests", "Typesafe.Snapshots.Tests\Typesafe.Snapshots.Tests.csproj", "{EF0E67ED-EC45-4764-8579-7ECC971907AA}"
EndProject
Project("{FAE04EC0-301F-11D3-BF4B-00C04F79EFBC}") = "Typesafe.Sandbox2", "Typesafe.Sandbox2\Typesafe.Sandbox2.csproj", "{9D44B314-ED68-4CD0-994E-6E950F005FB7}"
EndProject
Project("{FAE04EC0-301F-11D3-BF4B-00C04F79EFBC}") = "AssemblyCreator", "AssemblyCreator\AssemblyCreator.csproj", "{3F6F65E4-1548-4DC3-9353-4D302D87B3F8}"
EndProject
Global
	GlobalSection(SolutionConfigurationPlatforms) = preSolution
		Debug|Any CPU = Debug|Any CPU
		Release|Any CPU = Release|Any CPU
	EndGlobalSection
	GlobalSection(ProjectConfigurationPlatforms) = postSolution
		{45357096-3011-4DCB-B37E-25C3DCBC63BB}.Debug|Any CPU.ActiveCfg = Debug|Any CPU
		{45357096-3011-4DCB-B37E-25C3DCBC63BB}.Debug|Any CPU.Build.0 = Debug|Any CPU
		{45357096-3011-4DCB-B37E-25C3DCBC63BB}.Release|Any CPU.ActiveCfg = Release|Any CPU
		{45357096-3011-4DCB-B37E-25C3DCBC63BB}.Release|Any CPU.Build.0 = Release|Any CPU
		{A42F0B7E-142F-46CC-8166-F795700312E7}.Debug|Any CPU.ActiveCfg = Debug|Any CPU
		{A42F0B7E-142F-46CC-8166-F795700312E7}.Debug|Any CPU.Build.0 = Debug|Any CPU
		{A42F0B7E-142F-46CC-8166-F795700312E7}.Release|Any CPU.ActiveCfg = Release|Any CPU
		{A42F0B7E-142F-46CC-8166-F795700312E7}.Release|Any CPU.Build.0 = Release|Any CPU
		{5B130F5C-C220-4CE9-9B1E-27645E441860}.Debug|Any CPU.ActiveCfg = Debug|Any CPU
		{5B130F5C-C220-4CE9-9B1E-27645E441860}.Debug|Any CPU.Build.0 = Debug|Any CPU
		{5B130F5C-C220-4CE9-9B1E-27645E441860}.Release|Any CPU.ActiveCfg = Release|Any CPU
		{5B130F5C-C220-4CE9-9B1E-27645E441860}.Release|Any CPU.Build.0 = Release|Any CPU
		{3200F91D-980C-4C5E-8248-96130AED3952}.Debug|Any CPU.ActiveCfg = Debug|Any CPU
		{3200F91D-980C-4C5E-8248-96130AED3952}.Debug|Any CPU.Build.0 = Debug|Any CPU
		{3200F91D-980C-4C5E-8248-96130AED3952}.Release|Any CPU.ActiveCfg = Release|Any CPU
		{3200F91D-980C-4C5E-8248-96130AED3952}.Release|Any CPU.Build.0 = Release|Any CPU
		{A6DEB506-47DE-49BC-A655-28639A02408D}.Debug|Any CPU.ActiveCfg = Debug|Any CPU
		{A6DEB506-47DE-49BC-A655-28639A02408D}.Debug|Any CPU.Build.0 = Debug|Any CPU
		{A6DEB506-47DE-49BC-A655-28639A02408D}.Release|Any CPU.ActiveCfg = Release|Any CPU
		{A6DEB506-47DE-49BC-A655-28639A02408D}.Release|Any CPU.Build.0 = Release|Any CPU
		{A6BAB45A-C6B5-4A78-AF02-8CA380EA0D89}.Debug|Any CPU.ActiveCfg = Debug|Any CPU
		{A6BAB45A-C6B5-4A78-AF02-8CA380EA0D89}.Debug|Any CPU.Build.0 = Debug|Any CPU
		{A6BAB45A-C6B5-4A78-AF02-8CA380EA0D89}.Release|Any CPU.ActiveCfg = Release|Any CPU
		{A6BAB45A-C6B5-4A78-AF02-8CA380EA0D89}.Release|Any CPU.Build.0 = Release|Any CPU
		{1E880A6F-4425-43FB-835B-5F422143BCC0}.Debug|Any CPU.ActiveCfg = Debug|Any CPU
		{1E880A6F-4425-43FB-835B-5F422143BCC0}.Debug|Any CPU.Build.0 = Debug|Any CPU
		{1E880A6F-4425-43FB-835B-5F422143BCC0}.Release|Any CPU.ActiveCfg = Release|Any CPU
		{1E880A6F-4425-43FB-835B-5F422143BCC0}.Release|Any CPU.Build.0 = Release|Any CPU
		{EF0E67ED-EC45-4764-8579-7ECC971907AA}.Debug|Any CPU.ActiveCfg = Debug|Any CPU
		{EF0E67ED-EC45-4764-8579-7ECC971907AA}.Debug|Any CPU.Build.0 = Debug|Any CPU
		{EF0E67ED-EC45-4764-8579-7ECC971907AA}.Release|Any CPU.ActiveCfg = Release|Any CPU
		{EF0E67ED-EC45-4764-8579-7ECC971907AA}.Release|Any CPU.Build.0 = Release|Any CPU
		{9D44B314-ED68-4CD0-994E-6E950F005FB7}.Debug|Any CPU.ActiveCfg = Debug|Any CPU
		{9D44B314-ED68-4CD0-994E-6E950F005FB7}.Debug|Any CPU.Build.0 = Debug|Any CPU
		{9D44B314-ED68-4CD0-994E-6E950F005FB7}.Release|Any CPU.ActiveCfg = Release|Any CPU
		{9D44B314-ED68-4CD0-994E-6E950F005FB7}.Release|Any CPU.Build.0 = Release|Any CPU
		{3F6F65E4-1548-4DC3-9353-4D302D87B3F8}.Debug|Any CPU.ActiveCfg = Debug|Any CPU
		{3F6F65E4-1548-4DC3-9353-4D302D87B3F8}.Debug|Any CPU.Build.0 = Debug|Any CPU
		{3F6F65E4-1548-4DC3-9353-4D302D87B3F8}.Release|Any CPU.ActiveCfg = Release|Any CPU
		{3F6F65E4-1548-4DC3-9353-4D302D87B3F8}.Release|Any CPU.Build.0 = Release|Any CPU
	EndGlobalSection
	GlobalSection(NestedProjects) = preSolution
		{45357096-3011-4DCB-B37E-25C3DCBC63BB} = {7C3A5617-158F-4A4F-A02E-7639644FA948}
		{A42F0B7E-142F-46CC-8166-F795700312E7} = {662744E5-CCDA-49AA-9C21-E73CDD11FCD9}
		{3200F91D-980C-4C5E-8248-96130AED3952} = {7C82CEE7-C3A0-48A8-A284-A46CD7AA33E1}
		{A6BAB45A-C6B5-4A78-AF02-8CA380EA0D89} = {7C82CEE7-C3A0-48A8-A284-A46CD7AA33E1}
		{5B130F5C-C220-4CE9-9B1E-27645E441860} = {7C82CEE7-C3A0-48A8-A284-A46CD7AA33E1}
		{A6DEB506-47DE-49BC-A655-28639A02408D} = {7C82CEE7-C3A0-48A8-A284-A46CD7AA33E1}
		{1E880A6F-4425-43FB-835B-5F422143BCC0} = {7C82CEE7-C3A0-48A8-A284-A46CD7AA33E1}
		{EF0E67ED-EC45-4764-8579-7ECC971907AA} = {7C82CEE7-C3A0-48A8-A284-A46CD7AA33E1}
		{9D44B314-ED68-4CD0-994E-6E950F005FB7} = {7C3A5617-158F-4A4F-A02E-7639644FA948}
		{3F6F65E4-1548-4DC3-9353-4D302D87B3F8} = {7C3A5617-158F-4A4F-A02E-7639644FA948}
	EndGlobalSection
EndGlobal
