
Microsoft Visual Studio Solution File, Format Version 12.00
Project("{FAE04EC0-301F-11D3-BF4B-00C04F79EFBC}") = "TypeMerger", "TypeMerger\TypeMerger.csproj", "{069768C3-68AF-4751-BBD1-058E1C8B08E1}"
EndProject
Project("{FAE04EC0-301F-11D3-BF4B-00C04F79EFBC}") = "TypeMerger.Tests", "TypeMerger.Tests\TypeMerger.Tests.csproj", "{00EE4AF7-BB99-48DE-A86E-35DDD4E42CC2}"
EndProject
Project("{FAE04EC0-301F-11D3-BF4B-00C04F79EFBC}") = "Typed.Sandbox", "Typed.Sandbox\Typed.Sandbox.csproj", "{5551E7D2-B132-446B-90CD-A6D81517A30B}"
EndProject
Project("{FAE04EC0-301F-11D3-BF4B-00C04F79EFBC}") = "Typed.With", "Typed.With\Typed.With.csproj", "{AE72584C-51DF-4A50-B321-15B158232D67}"
EndProject
Project("{FAE04EC0-301F-11D3-BF4B-00C04F79EFBC}") = "Typed.Core", "Typed.Core\Typed.Core.csproj", "{D6BC4011-F62D-4FE3-ACFC-403EFA8C6834}"
EndProject
Project("{FAE04EC0-301F-11D3-BF4B-00C04F79EFBC}") = "Typed.Merge", "Typed.Merge\Typed.Merge.csproj", "{58F8631E-7D4F-4191-B187-5551FD0CC35C}"
EndProject
Project("{FAE04EC0-301F-11D3-BF4B-00C04F79EFBC}") = "Typed.With.Tests", "Typed.With.Tests\Typed.With.Tests.csproj", "{FE84825C-C96E-43FF-B907-A36BFB472616}"
EndProject
Project("{FAE04EC0-301F-11D3-BF4B-00C04F79EFBC}") = "Typed.Merge.Tests", "Typed.Merge.Tests\Typed.Merge.Tests.csproj", "{4F02E59D-A50D-4CA0-9E4E-3714117BF7A7}"
EndProject
Project("{2150E333-8FDC-42A3-9474-1A3956D46DE8}") = "1. Project", "1. Project", "{7C3A5617-158F-4A4F-A02E-7639644FA948}"
EndProject
Project("{2150E333-8FDC-42A3-9474-1A3956D46DE8}") = "2. Feature", "2. Feature", "{AE8FBE31-5EB5-4845-BB8B-BB78D913A9AC}"
EndProject
Project("{2150E333-8FDC-42A3-9474-1A3956D46DE8}") = "3. Framework", "3. Framework", "{4ADB9341-4B61-49E4-ABD2-F65E306D6B01}"
EndProject
Global
	GlobalSection(SolutionConfigurationPlatforms) = preSolution
		Debug|Any CPU = Debug|Any CPU
		Release|Any CPU = Release|Any CPU
	EndGlobalSection
	GlobalSection(ProjectConfigurationPlatforms) = postSolution
		{069768C3-68AF-4751-BBD1-058E1C8B08E1}.Debug|Any CPU.ActiveCfg = Debug|Any CPU
		{069768C3-68AF-4751-BBD1-058E1C8B08E1}.Debug|Any CPU.Build.0 = Debug|Any CPU
		{069768C3-68AF-4751-BBD1-058E1C8B08E1}.Release|Any CPU.ActiveCfg = Release|Any CPU
		{069768C3-68AF-4751-BBD1-058E1C8B08E1}.Release|Any CPU.Build.0 = Release|Any CPU
		{00EE4AF7-BB99-48DE-A86E-35DDD4E42CC2}.Debug|Any CPU.ActiveCfg = Debug|Any CPU
		{00EE4AF7-BB99-48DE-A86E-35DDD4E42CC2}.Debug|Any CPU.Build.0 = Debug|Any CPU
		{00EE4AF7-BB99-48DE-A86E-35DDD4E42CC2}.Release|Any CPU.ActiveCfg = Release|Any CPU
		{00EE4AF7-BB99-48DE-A86E-35DDD4E42CC2}.Release|Any CPU.Build.0 = Release|Any CPU
		{5551E7D2-B132-446B-90CD-A6D81517A30B}.Debug|Any CPU.ActiveCfg = Debug|Any CPU
		{5551E7D2-B132-446B-90CD-A6D81517A30B}.Debug|Any CPU.Build.0 = Debug|Any CPU
		{5551E7D2-B132-446B-90CD-A6D81517A30B}.Release|Any CPU.ActiveCfg = Release|Any CPU
		{5551E7D2-B132-446B-90CD-A6D81517A30B}.Release|Any CPU.Build.0 = Release|Any CPU
		{AE72584C-51DF-4A50-B321-15B158232D67}.Debug|Any CPU.ActiveCfg = Debug|Any CPU
		{AE72584C-51DF-4A50-B321-15B158232D67}.Debug|Any CPU.Build.0 = Debug|Any CPU
		{AE72584C-51DF-4A50-B321-15B158232D67}.Release|Any CPU.ActiveCfg = Release|Any CPU
		{AE72584C-51DF-4A50-B321-15B158232D67}.Release|Any CPU.Build.0 = Release|Any CPU
		{D6BC4011-F62D-4FE3-ACFC-403EFA8C6834}.Debug|Any CPU.ActiveCfg = Debug|Any CPU
		{D6BC4011-F62D-4FE3-ACFC-403EFA8C6834}.Debug|Any CPU.Build.0 = Debug|Any CPU
		{D6BC4011-F62D-4FE3-ACFC-403EFA8C6834}.Release|Any CPU.ActiveCfg = Release|Any CPU
		{D6BC4011-F62D-4FE3-ACFC-403EFA8C6834}.Release|Any CPU.Build.0 = Release|Any CPU
		{58F8631E-7D4F-4191-B187-5551FD0CC35C}.Debug|Any CPU.ActiveCfg = Debug|Any CPU
		{58F8631E-7D4F-4191-B187-5551FD0CC35C}.Debug|Any CPU.Build.0 = Debug|Any CPU
		{58F8631E-7D4F-4191-B187-5551FD0CC35C}.Release|Any CPU.ActiveCfg = Release|Any CPU
		{58F8631E-7D4F-4191-B187-5551FD0CC35C}.Release|Any CPU.Build.0 = Release|Any CPU
		{FE84825C-C96E-43FF-B907-A36BFB472616}.Debug|Any CPU.ActiveCfg = Debug|Any CPU
		{FE84825C-C96E-43FF-B907-A36BFB472616}.Debug|Any CPU.Build.0 = Debug|Any CPU
		{FE84825C-C96E-43FF-B907-A36BFB472616}.Release|Any CPU.ActiveCfg = Release|Any CPU
		{FE84825C-C96E-43FF-B907-A36BFB472616}.Release|Any CPU.Build.0 = Release|Any CPU
		{4F02E59D-A50D-4CA0-9E4E-3714117BF7A7}.Debug|Any CPU.ActiveCfg = Debug|Any CPU
		{4F02E59D-A50D-4CA0-9E4E-3714117BF7A7}.Debug|Any CPU.Build.0 = Debug|Any CPU
		{4F02E59D-A50D-4CA0-9E4E-3714117BF7A7}.Release|Any CPU.ActiveCfg = Release|Any CPU
		{4F02E59D-A50D-4CA0-9E4E-3714117BF7A7}.Release|Any CPU.Build.0 = Release|Any CPU
	EndGlobalSection
	GlobalSection(NestedProjects) = preSolution
		{5551E7D2-B132-446B-90CD-A6D81517A30B} = {7C3A5617-158F-4A4F-A02E-7639644FA948}
		{D6BC4011-F62D-4FE3-ACFC-403EFA8C6834} = {4ADB9341-4B61-49E4-ABD2-F65E306D6B01}
		{58F8631E-7D4F-4191-B187-5551FD0CC35C} = {AE8FBE31-5EB5-4845-BB8B-BB78D913A9AC}
		{4F02E59D-A50D-4CA0-9E4E-3714117BF7A7} = {AE8FBE31-5EB5-4845-BB8B-BB78D913A9AC}
		{AE72584C-51DF-4A50-B321-15B158232D67} = {AE8FBE31-5EB5-4845-BB8B-BB78D913A9AC}
		{FE84825C-C96E-43FF-B907-A36BFB472616} = {AE8FBE31-5EB5-4845-BB8B-BB78D913A9AC}
	EndGlobalSection
EndGlobal
