
Microsoft Visual Studio Solution File, Format Version 12.00
Project("{FAE04EC0-301F-11D3-BF4B-00C04F79EFBC}") = "Typed.Sandbox", "Typed.Sandbox\Typed.Sandbox.csproj", "{5551E7D2-B132-446B-90CD-A6D81517A30B}"
EndProject
Project("{FAE04EC0-301F-11D3-BF4B-00C04F79EFBC}") = "Typed.With", "Typed.With\Typed.With.csproj", "{AE72584C-51DF-4A50-B321-15B158232D67}"
EndProject
Project("{FAE04EC0-301F-11D3-BF4B-00C04F79EFBC}") = "Typed.Core", "Typed.Core\Typed.Core.csproj", "{D6BC4011-F62D-4FE3-ACFC-403EFA8C6834}"
EndProject
Project("{FAE04EC0-301F-11D3-BF4B-00C04F79EFBC}") = "Typed.Merge", "Typed.Merge\Typed.Merge.csproj", "{58F8631E-7D4F-4191-B187-5551FD0CC35C}"
EndProject
Project("{FAE04EC0-301F-11D3-BF4B-00C04F79EFBC}") = "Typed.With.Tests", "Typed.With.Tests\Typed.With.Tests.csproj", "{FE84825C-C96E-43FF-B907-A36BFB472616}"
EndProject
Project("{FAE04EC0-301F-11D3-BF4B-00C04F79EFBC}") = "Typed.Merge.Tests", "Typed.Merge.Tests\Typed.Merge.Tests.csproj", "{4F02E59D-A50D-4CA0-9E4E-3714117BF7A7}"
EndProject
Project("{2150E333-8FDC-42A3-9474-1A3956D46DE8}") = "1. Project", "1. Project", "{7C3A5617-158F-4A4F-A02E-7639644FA948}"
EndProject
Project("{2150E333-8FDC-42A3-9474-1A3956D46DE8}") = "2. Feature", "2. Feature", "{AE8FBE31-5EB5-4845-BB8B-BB78D913A9AC}"
EndProject
Project("{2150E333-8FDC-42A3-9474-1A3956D46DE8}") = "3. Framework", "3. Framework", "{4ADB9341-4B61-49E4-ABD2-F65E306D6B01}"
EndProject
Project("{FAE04EC0-301F-11D3-BF4B-00C04F79EFBC}") = "Typesafe", "Typesafe\Typesafe.csproj", "{59B9BA09-9349-47E8-9D5E-AFA4262F8737}"
EndProject
Project("{FAE04EC0-301F-11D3-BF4B-00C04F79EFBC}") = "Typesafe.Tests", "Typesafe.Tests\Typesafe.Tests.csproj", "{460EE8C9-A9C6-43FA-B208-8F68AE525320}"
EndProject
Project("{FAE04EC0-301F-11D3-BF4B-00C04F79EFBC}") = "Typesafe.Sandbox", "Typesafe.Sandbox\Typesafe.Sandbox.csproj", "{45357096-3011-4DCB-B37E-25C3DCBC63BB}"
EndProject
Global
	GlobalSection(SolutionConfigurationPlatforms) = preSolution
		Debug|Any CPU = Debug|Any CPU
		Release|Any CPU = Release|Any CPU
	EndGlobalSection
	GlobalSection(ProjectConfigurationPlatforms) = postSolution
		{5551E7D2-B132-446B-90CD-A6D81517A30B}.Debug|Any CPU.ActiveCfg = Debug|Any CPU
		{5551E7D2-B132-446B-90CD-A6D81517A30B}.Debug|Any CPU.Build.0 = Debug|Any CPU
		{5551E7D2-B132-446B-90CD-A6D81517A30B}.Release|Any CPU.ActiveCfg = Release|Any CPU
		{5551E7D2-B132-446B-90CD-A6D81517A30B}.Release|Any CPU.Build.0 = Release|Any CPU
		{AE72584C-51DF-4A50-B321-15B158232D67}.Debug|Any CPU.ActiveCfg = Debug|Any CPU
		{AE72584C-51DF-4A50-B321-15B158232D67}.Debug|Any CPU.Build.0 = Debug|Any CPU
		{AE72584C-51DF-4A50-B321-15B158232D67}.Release|Any CPU.ActiveCfg = Release|Any CPU
		{AE72584C-51DF-4A50-B321-15B158232D67}.Release|Any CPU.Build.0 = Release|Any CPU
		{D6BC4011-F62D-4FE3-ACFC-403EFA8C6834}.Debug|Any CPU.ActiveCfg = Debug|Any CPU
		{D6BC4011-F62D-4FE3-ACFC-403EFA8C6834}.Debug|Any CPU.Build.0 = Debug|Any CPU
		{D6BC4011-F62D-4FE3-ACFC-403EFA8C6834}.Release|Any CPU.ActiveCfg = Release|Any CPU
		{D6BC4011-F62D-4FE3-ACFC-403EFA8C6834}.Release|Any CPU.Build.0 = Release|Any CPU
		{58F8631E-7D4F-4191-B187-5551FD0CC35C}.Debug|Any CPU.ActiveCfg = Debug|Any CPU
		{58F8631E-7D4F-4191-B187-5551FD0CC35C}.Debug|Any CPU.Build.0 = Debug|Any CPU
		{58F8631E-7D4F-4191-B187-5551FD0CC35C}.Release|Any CPU.ActiveCfg = Release|Any CPU
		{58F8631E-7D4F-4191-B187-5551FD0CC35C}.Release|Any CPU.Build.0 = Release|Any CPU
		{FE84825C-C96E-43FF-B907-A36BFB472616}.Debug|Any CPU.ActiveCfg = Debug|Any CPU
		{FE84825C-C96E-43FF-B907-A36BFB472616}.Debug|Any CPU.Build.0 = Debug|Any CPU
		{FE84825C-C96E-43FF-B907-A36BFB472616}.Release|Any CPU.ActiveCfg = Release|Any CPU
		{FE84825C-C96E-43FF-B907-A36BFB472616}.Release|Any CPU.Build.0 = Release|Any CPU
		{4F02E59D-A50D-4CA0-9E4E-3714117BF7A7}.Debug|Any CPU.ActiveCfg = Debug|Any CPU
		{4F02E59D-A50D-4CA0-9E4E-3714117BF7A7}.Debug|Any CPU.Build.0 = Debug|Any CPU
		{4F02E59D-A50D-4CA0-9E4E-3714117BF7A7}.Release|Any CPU.ActiveCfg = Release|Any CPU
		{4F02E59D-A50D-4CA0-9E4E-3714117BF7A7}.Release|Any CPU.Build.0 = Release|Any CPU
		{59B9BA09-9349-47E8-9D5E-AFA4262F8737}.Debug|Any CPU.ActiveCfg = Debug|Any CPU
		{59B9BA09-9349-47E8-9D5E-AFA4262F8737}.Debug|Any CPU.Build.0 = Debug|Any CPU
		{59B9BA09-9349-47E8-9D5E-AFA4262F8737}.Release|Any CPU.ActiveCfg = Release|Any CPU
		{59B9BA09-9349-47E8-9D5E-AFA4262F8737}.Release|Any CPU.Build.0 = Release|Any CPU
		{460EE8C9-A9C6-43FA-B208-8F68AE525320}.Debug|Any CPU.ActiveCfg = Debug|Any CPU
		{460EE8C9-A9C6-43FA-B208-8F68AE525320}.Debug|Any CPU.Build.0 = Debug|Any CPU
		{460EE8C9-A9C6-43FA-B208-8F68AE525320}.Release|Any CPU.ActiveCfg = Release|Any CPU
		{460EE8C9-A9C6-43FA-B208-8F68AE525320}.Release|Any CPU.Build.0 = Release|Any CPU
		{45357096-3011-4DCB-B37E-25C3DCBC63BB}.Debug|Any CPU.ActiveCfg = Debug|Any CPU
		{45357096-3011-4DCB-B37E-25C3DCBC63BB}.Debug|Any CPU.Build.0 = Debug|Any CPU
		{45357096-3011-4DCB-B37E-25C3DCBC63BB}.Release|Any CPU.ActiveCfg = Release|Any CPU
		{45357096-3011-4DCB-B37E-25C3DCBC63BB}.Release|Any CPU.Build.0 = Release|Any CPU
	EndGlobalSection
	GlobalSection(NestedProjects) = preSolution
		{5551E7D2-B132-446B-90CD-A6D81517A30B} = {7C3A5617-158F-4A4F-A02E-7639644FA948}
		{D6BC4011-F62D-4FE3-ACFC-403EFA8C6834} = {4ADB9341-4B61-49E4-ABD2-F65E306D6B01}
		{58F8631E-7D4F-4191-B187-5551FD0CC35C} = {AE8FBE31-5EB5-4845-BB8B-BB78D913A9AC}
		{4F02E59D-A50D-4CA0-9E4E-3714117BF7A7} = {AE8FBE31-5EB5-4845-BB8B-BB78D913A9AC}
		{AE72584C-51DF-4A50-B321-15B158232D67} = {AE8FBE31-5EB5-4845-BB8B-BB78D913A9AC}
		{FE84825C-C96E-43FF-B907-A36BFB472616} = {AE8FBE31-5EB5-4845-BB8B-BB78D913A9AC}
		{59B9BA09-9349-47E8-9D5E-AFA4262F8737} = {7C3A5617-158F-4A4F-A02E-7639644FA948}
		{460EE8C9-A9C6-43FA-B208-8F68AE525320} = {7C3A5617-158F-4A4F-A02E-7639644FA948}
		{45357096-3011-4DCB-B37E-25C3DCBC63BB} = {7C3A5617-158F-4A4F-A02E-7639644FA948}
	EndGlobalSection
EndGlobal
